
Microsoft Visual Studio Solution File, Format Version 12.00
# Visual Studio Version 16
VisualStudioVersion = 16.0.30615.102
MinimumVisualStudioVersion = 10.0.40219.1
Project("{FAE04EC0-301F-11D3-BF4B-00C04F79EFBC}") = "Livodyo.UWP", "Livodyo\Livodyo.UWP\Livodyo.UWP.csproj", "{7E2F714D-4255-486A-A791-626B45FB80C8}"
EndProject
Project("{FAE04EC0-301F-11D3-BF4B-00C04F79EFBC}") = "Livodyo.Android", "Livodyo\Livodyo.Android\Livodyo.Android.csproj", "{F19A44FE-8D31-40DC-99B6-9DF05ABF4651}"
EndProject
Project("{FAE04EC0-301F-11D3-BF4B-00C04F79EFBC}") = "Livodyo.iOS", "Livodyo\Livodyo.iOS\Livodyo.iOS.csproj", "{7FB098E1-9F3C-4AA6-8DE4-6FE72B93FD40}"
EndProject
Project("{9A19103F-16F7-4668-BE54-9A1E7A4F7556}") = "Livodyo", "Livodyo\Livodyo\Livodyo.csproj", "{9FA10715-F1BD-4546-A4B6-05FEEEE33831}"
EndProject
Project("{9A19103F-16F7-4668-BE54-9A1E7A4F7556}") = "Livodyo.API", "Livodyo.API\Livodyo.API.csproj", "{8D270E4F-49C3-4E13-8039-B4F974D7358A}"
EndProject
Project("{FAE04EC0-301F-11D3-BF4B-00C04F79EFBC}") = "Livodyo.WebAdmin", "Livodyo.WebAdmin\Livodyo.WebAdmin.csproj", "{1B081F98-E87C-401C-A8D2-3040979A57D2}"
EndProject
Global
	GlobalSection(SolutionConfigurationPlatforms) = preSolution
		Debug|Any CPU = Debug|Any CPU
		Debug|ARM = Debug|ARM
		Debug|iPhone = Debug|iPhone
		Debug|iPhoneSimulator = Debug|iPhoneSimulator
		Debug|x64 = Debug|x64
		Debug|x86 = Debug|x86
		Release|Any CPU = Release|Any CPU
		Release|ARM = Release|ARM
		Release|iPhone = Release|iPhone
		Release|iPhoneSimulator = Release|iPhoneSimulator
		Release|x64 = Release|x64
		Release|x86 = Release|x86
	EndGlobalSection
	GlobalSection(ProjectConfigurationPlatforms) = postSolution
		{7E2F714D-4255-486A-A791-626B45FB80C8}.Debug|Any CPU.ActiveCfg = Debug|x86
		{7E2F714D-4255-486A-A791-626B45FB80C8}.Debug|Any CPU.Build.0 = Debug|x86
		{7E2F714D-4255-486A-A791-626B45FB80C8}.Debug|Any CPU.Deploy.0 = Debug|x86
		{7E2F714D-4255-486A-A791-626B45FB80C8}.Debug|ARM.ActiveCfg = Debug|ARM
		{7E2F714D-4255-486A-A791-626B45FB80C8}.Debug|ARM.Build.0 = Debug|ARM
		{7E2F714D-4255-486A-A791-626B45FB80C8}.Debug|ARM.Deploy.0 = Debug|ARM
		{7E2F714D-4255-486A-A791-626B45FB80C8}.Debug|iPhone.ActiveCfg = Debug|x86
		{7E2F714D-4255-486A-A791-626B45FB80C8}.Debug|iPhone.Build.0 = Debug|x86
		{7E2F714D-4255-486A-A791-626B45FB80C8}.Debug|iPhone.Deploy.0 = Debug|x86
		{7E2F714D-4255-486A-A791-626B45FB80C8}.Debug|iPhoneSimulator.ActiveCfg = Debug|x86
		{7E2F714D-4255-486A-A791-626B45FB80C8}.Debug|iPhoneSimulator.Build.0 = Debug|x86
		{7E2F714D-4255-486A-A791-626B45FB80C8}.Debug|iPhoneSimulator.Deploy.0 = Debug|x86
		{7E2F714D-4255-486A-A791-626B45FB80C8}.Debug|x64.ActiveCfg = Debug|x64
		{7E2F714D-4255-486A-A791-626B45FB80C8}.Debug|x64.Build.0 = Debug|x64
		{7E2F714D-4255-486A-A791-626B45FB80C8}.Debug|x64.Deploy.0 = Debug|x64
		{7E2F714D-4255-486A-A791-626B45FB80C8}.Debug|x86.ActiveCfg = Debug|x86
		{7E2F714D-4255-486A-A791-626B45FB80C8}.Debug|x86.Build.0 = Debug|x86
		{7E2F714D-4255-486A-A791-626B45FB80C8}.Debug|x86.Deploy.0 = Debug|x86
		{7E2F714D-4255-486A-A791-626B45FB80C8}.Release|Any CPU.ActiveCfg = Release|x86
		{7E2F714D-4255-486A-A791-626B45FB80C8}.Release|Any CPU.Build.0 = Release|x86
		{7E2F714D-4255-486A-A791-626B45FB80C8}.Release|Any CPU.Deploy.0 = Release|x86
		{7E2F714D-4255-486A-A791-626B45FB80C8}.Release|ARM.ActiveCfg = Release|ARM
		{7E2F714D-4255-486A-A791-626B45FB80C8}.Release|ARM.Build.0 = Release|ARM
		{7E2F714D-4255-486A-A791-626B45FB80C8}.Release|ARM.Deploy.0 = Release|ARM
		{7E2F714D-4255-486A-A791-626B45FB80C8}.Release|iPhone.ActiveCfg = Release|x86
		{7E2F714D-4255-486A-A791-626B45FB80C8}.Release|iPhone.Build.0 = Release|x86
		{7E2F714D-4255-486A-A791-626B45FB80C8}.Release|iPhone.Deploy.0 = Release|x86
		{7E2F714D-4255-486A-A791-626B45FB80C8}.Release|iPhoneSimulator.ActiveCfg = Release|x86
		{7E2F714D-4255-486A-A791-626B45FB80C8}.Release|iPhoneSimulator.Build.0 = Release|x86
		{7E2F714D-4255-486A-A791-626B45FB80C8}.Release|iPhoneSimulator.Deploy.0 = Release|x86
		{7E2F714D-4255-486A-A791-626B45FB80C8}.Release|x64.ActiveCfg = Release|x64
		{7E2F714D-4255-486A-A791-626B45FB80C8}.Release|x64.Build.0 = Release|x64
		{7E2F714D-4255-486A-A791-626B45FB80C8}.Release|x64.Deploy.0 = Release|x64
		{7E2F714D-4255-486A-A791-626B45FB80C8}.Release|x86.ActiveCfg = Release|x86
		{7E2F714D-4255-486A-A791-626B45FB80C8}.Release|x86.Build.0 = Release|x86
		{7E2F714D-4255-486A-A791-626B45FB80C8}.Release|x86.Deploy.0 = Release|x86
		{F19A44FE-8D31-40DC-99B6-9DF05ABF4651}.Debug|Any CPU.ActiveCfg = Debug|Any CPU
		{F19A44FE-8D31-40DC-99B6-9DF05ABF4651}.Debug|Any CPU.Build.0 = Debug|Any CPU
		{F19A44FE-8D31-40DC-99B6-9DF05ABF4651}.Debug|Any CPU.Deploy.0 = Debug|Any CPU
		{F19A44FE-8D31-40DC-99B6-9DF05ABF4651}.Debug|ARM.ActiveCfg = Debug|Any CPU
		{F19A44FE-8D31-40DC-99B6-9DF05ABF4651}.Debug|ARM.Build.0 = Debug|Any CPU
		{F19A44FE-8D31-40DC-99B6-9DF05ABF4651}.Debug|ARM.Deploy.0 = Debug|Any CPU
		{F19A44FE-8D31-40DC-99B6-9DF05ABF4651}.Debug|iPhone.ActiveCfg = Debug|Any CPU
		{F19A44FE-8D31-40DC-99B6-9DF05ABF4651}.Debug|iPhone.Build.0 = Debug|Any CPU
		{F19A44FE-8D31-40DC-99B6-9DF05ABF4651}.Debug|iPhone.Deploy.0 = Debug|Any CPU
		{F19A44FE-8D31-40DC-99B6-9DF05ABF4651}.Debug|iPhoneSimulator.ActiveCfg = Debug|Any CPU
		{F19A44FE-8D31-40DC-99B6-9DF05ABF4651}.Debug|iPhoneSimulator.Build.0 = Debug|Any CPU
		{F19A44FE-8D31-40DC-99B6-9DF05ABF4651}.Debug|iPhoneSimulator.Deploy.0 = Debug|Any CPU
		{F19A44FE-8D31-40DC-99B6-9DF05ABF4651}.Debug|x64.ActiveCfg = Debug|Any CPU
		{F19A44FE-8D31-40DC-99B6-9DF05ABF4651}.Debug|x64.Build.0 = Debug|Any CPU
		{F19A44FE-8D31-40DC-99B6-9DF05ABF4651}.Debug|x64.Deploy.0 = Debug|Any CPU
		{F19A44FE-8D31-40DC-99B6-9DF05ABF4651}.Debug|x86.ActiveCfg = Debug|Any CPU
		{F19A44FE-8D31-40DC-99B6-9DF05ABF4651}.Debug|x86.Build.0 = Debug|Any CPU
		{F19A44FE-8D31-40DC-99B6-9DF05ABF4651}.Debug|x86.Deploy.0 = Debug|Any CPU
		{F19A44FE-8D31-40DC-99B6-9DF05ABF4651}.Release|Any CPU.ActiveCfg = Release|Any CPU
		{F19A44FE-8D31-40DC-99B6-9DF05ABF4651}.Release|Any CPU.Build.0 = Release|Any CPU
		{F19A44FE-8D31-40DC-99B6-9DF05ABF4651}.Release|Any CPU.Deploy.0 = Release|Any CPU
		{F19A44FE-8D31-40DC-99B6-9DF05ABF4651}.Release|ARM.ActiveCfg = Release|Any CPU
		{F19A44FE-8D31-40DC-99B6-9DF05ABF4651}.Release|ARM.Build.0 = Release|Any CPU
		{F19A44FE-8D31-40DC-99B6-9DF05ABF4651}.Release|ARM.Deploy.0 = Release|Any CPU
		{F19A44FE-8D31-40DC-99B6-9DF05ABF4651}.Release|iPhone.ActiveCfg = Release|Any CPU
		{F19A44FE-8D31-40DC-99B6-9DF05ABF4651}.Release|iPhone.Build.0 = Release|Any CPU
		{F19A44FE-8D31-40DC-99B6-9DF05ABF4651}.Release|iPhone.Deploy.0 = Release|Any CPU
		{F19A44FE-8D31-40DC-99B6-9DF05ABF4651}.Release|iPhoneSimulator.ActiveCfg = Release|Any CPU
		{F19A44FE-8D31-40DC-99B6-9DF05ABF4651}.Release|iPhoneSimulator.Build.0 = Release|Any CPU
		{F19A44FE-8D31-40DC-99B6-9DF05ABF4651}.Release|iPhoneSimulator.Deploy.0 = Release|Any CPU
		{F19A44FE-8D31-40DC-99B6-9DF05ABF4651}.Release|x64.ActiveCfg = Release|Any CPU
		{F19A44FE-8D31-40DC-99B6-9DF05ABF4651}.Release|x64.Build.0 = Release|Any CPU
		{F19A44FE-8D31-40DC-99B6-9DF05ABF4651}.Release|x64.Deploy.0 = Release|Any CPU
		{F19A44FE-8D31-40DC-99B6-9DF05ABF4651}.Release|x86.ActiveCfg = Release|Any CPU
		{F19A44FE-8D31-40DC-99B6-9DF05ABF4651}.Release|x86.Build.0 = Release|Any CPU
		{F19A44FE-8D31-40DC-99B6-9DF05ABF4651}.Release|x86.Deploy.0 = Release|Any CPU
		{7FB098E1-9F3C-4AA6-8DE4-6FE72B93FD40}.Debug|Any CPU.ActiveCfg = Debug|iPhoneSimulator
		{7FB098E1-9F3C-4AA6-8DE4-6FE72B93FD40}.Debug|Any CPU.Build.0 = Debug|iPhoneSimulator
		{7FB098E1-9F3C-4AA6-8DE4-6FE72B93FD40}.Debug|Any CPU.Deploy.0 = Debug|iPhoneSimulator
		{7FB098E1-9F3C-4AA6-8DE4-6FE72B93FD40}.Debug|ARM.ActiveCfg = Debug|iPhone
		{7FB098E1-9F3C-4AA6-8DE4-6FE72B93FD40}.Debug|ARM.Build.0 = Debug|iPhone
		{7FB098E1-9F3C-4AA6-8DE4-6FE72B93FD40}.Debug|ARM.Deploy.0 = Debug|iPhone
		{7FB098E1-9F3C-4AA6-8DE4-6FE72B93FD40}.Debug|iPhone.ActiveCfg = Debug|iPhone
		{7FB098E1-9F3C-4AA6-8DE4-6FE72B93FD40}.Debug|iPhone.Build.0 = Debug|iPhone
		{7FB098E1-9F3C-4AA6-8DE4-6FE72B93FD40}.Debug|iPhone.Deploy.0 = Debug|iPhone
		{7FB098E1-9F3C-4AA6-8DE4-6FE72B93FD40}.Debug|iPhoneSimulator.ActiveCfg = Debug|iPhoneSimulator
		{7FB098E1-9F3C-4AA6-8DE4-6FE72B93FD40}.Debug|iPhoneSimulator.Build.0 = Debug|iPhoneSimulator
		{7FB098E1-9F3C-4AA6-8DE4-6FE72B93FD40}.Debug|iPhoneSimulator.Deploy.0 = Debug|iPhoneSimulator
		{7FB098E1-9F3C-4AA6-8DE4-6FE72B93FD40}.Debug|x64.ActiveCfg = Debug|iPhoneSimulator
		{7FB098E1-9F3C-4AA6-8DE4-6FE72B93FD40}.Debug|x64.Build.0 = Debug|iPhoneSimulator
		{7FB098E1-9F3C-4AA6-8DE4-6FE72B93FD40}.Debug|x64.Deploy.0 = Debug|iPhoneSimulator
		{7FB098E1-9F3C-4AA6-8DE4-6FE72B93FD40}.Debug|x86.ActiveCfg = Debug|iPhoneSimulator
		{7FB098E1-9F3C-4AA6-8DE4-6FE72B93FD40}.Debug|x86.Build.0 = Debug|iPhoneSimulator
		{7FB098E1-9F3C-4AA6-8DE4-6FE72B93FD40}.Debug|x86.Deploy.0 = Debug|iPhoneSimulator
		{7FB098E1-9F3C-4AA6-8DE4-6FE72B93FD40}.Release|Any CPU.ActiveCfg = Release|iPhoneSimulator
		{7FB098E1-9F3C-4AA6-8DE4-6FE72B93FD40}.Release|Any CPU.Build.0 = Release|iPhoneSimulator
		{7FB098E1-9F3C-4AA6-8DE4-6FE72B93FD40}.Release|Any CPU.Deploy.0 = Release|iPhoneSimulator
		{7FB098E1-9F3C-4AA6-8DE4-6FE72B93FD40}.Release|ARM.ActiveCfg = Release|iPhoneSimulator
		{7FB098E1-9F3C-4AA6-8DE4-6FE72B93FD40}.Release|ARM.Build.0 = Release|iPhoneSimulator
		{7FB098E1-9F3C-4AA6-8DE4-6FE72B93FD40}.Release|ARM.Deploy.0 = Release|iPhoneSimulator
		{7FB098E1-9F3C-4AA6-8DE4-6FE72B93FD40}.Release|iPhone.ActiveCfg = Release|iPhone
		{7FB098E1-9F3C-4AA6-8DE4-6FE72B93FD40}.Release|iPhone.Build.0 = Release|iPhone
		{7FB098E1-9F3C-4AA6-8DE4-6FE72B93FD40}.Release|iPhone.Deploy.0 = Release|iPhone
		{7FB098E1-9F3C-4AA6-8DE4-6FE72B93FD40}.Release|iPhoneSimulator.ActiveCfg = Release|iPhoneSimulator
		{7FB098E1-9F3C-4AA6-8DE4-6FE72B93FD40}.Release|iPhoneSimulator.Build.0 = Release|iPhoneSimulator
		{7FB098E1-9F3C-4AA6-8DE4-6FE72B93FD40}.Release|iPhoneSimulator.Deploy.0 = Release|iPhoneSimulator
		{7FB098E1-9F3C-4AA6-8DE4-6FE72B93FD40}.Release|x64.ActiveCfg = Release|iPhoneSimulator
		{7FB098E1-9F3C-4AA6-8DE4-6FE72B93FD40}.Release|x64.Build.0 = Release|iPhoneSimulator
		{7FB098E1-9F3C-4AA6-8DE4-6FE72B93FD40}.Release|x64.Deploy.0 = Release|iPhoneSimulator
		{7FB098E1-9F3C-4AA6-8DE4-6FE72B93FD40}.Release|x86.ActiveCfg = Release|iPhoneSimulator
		{7FB098E1-9F3C-4AA6-8DE4-6FE72B93FD40}.Release|x86.Build.0 = Release|iPhoneSimulator
		{7FB098E1-9F3C-4AA6-8DE4-6FE72B93FD40}.Release|x86.Deploy.0 = Release|iPhoneSimulator
		{9FA10715-F1BD-4546-A4B6-05FEEEE33831}.Debug|Any CPU.ActiveCfg = Debug|Any CPU
		{9FA10715-F1BD-4546-A4B6-05FEEEE33831}.Debug|Any CPU.Build.0 = Debug|Any CPU
		{9FA10715-F1BD-4546-A4B6-05FEEEE33831}.Debug|Any CPU.Deploy.0 = Debug|Any CPU
		{9FA10715-F1BD-4546-A4B6-05FEEEE33831}.Debug|ARM.ActiveCfg = Debug|Any CPU
		{9FA10715-F1BD-4546-A4B6-05FEEEE33831}.Debug|ARM.Build.0 = Debug|Any CPU
		{9FA10715-F1BD-4546-A4B6-05FEEEE33831}.Debug|ARM.Deploy.0 = Debug|Any CPU
		{9FA10715-F1BD-4546-A4B6-05FEEEE33831}.Debug|iPhone.ActiveCfg = Debug|Any CPU
		{9FA10715-F1BD-4546-A4B6-05FEEEE33831}.Debug|iPhone.Build.0 = Debug|Any CPU
		{9FA10715-F1BD-4546-A4B6-05FEEEE33831}.Debug|iPhone.Deploy.0 = Debug|Any CPU
		{9FA10715-F1BD-4546-A4B6-05FEEEE33831}.Debug|iPhoneSimulator.ActiveCfg = Debug|Any CPU
		{9FA10715-F1BD-4546-A4B6-05FEEEE33831}.Debug|iPhoneSimulator.Build.0 = Debug|Any CPU
		{9FA10715-F1BD-4546-A4B6-05FEEEE33831}.Debug|iPhoneSimulator.Deploy.0 = Debug|Any CPU
		{9FA10715-F1BD-4546-A4B6-05FEEEE33831}.Debug|x64.ActiveCfg = Debug|Any CPU
		{9FA10715-F1BD-4546-A4B6-05FEEEE33831}.Debug|x64.Build.0 = Debug|Any CPU
		{9FA10715-F1BD-4546-A4B6-05FEEEE33831}.Debug|x64.Deploy.0 = Debug|Any CPU
		{9FA10715-F1BD-4546-A4B6-05FEEEE33831}.Debug|x86.ActiveCfg = Debug|Any CPU
		{9FA10715-F1BD-4546-A4B6-05FEEEE33831}.Debug|x86.Build.0 = Debug|Any CPU
		{9FA10715-F1BD-4546-A4B6-05FEEEE33831}.Debug|x86.Deploy.0 = Debug|Any CPU
		{9FA10715-F1BD-4546-A4B6-05FEEEE33831}.Release|Any CPU.ActiveCfg = Release|Any CPU
		{9FA10715-F1BD-4546-A4B6-05FEEEE33831}.Release|Any CPU.Build.0 = Release|Any CPU
		{9FA10715-F1BD-4546-A4B6-05FEEEE33831}.Release|Any CPU.Deploy.0 = Release|Any CPU
		{9FA10715-F1BD-4546-A4B6-05FEEEE33831}.Release|ARM.ActiveCfg = Release|Any CPU
		{9FA10715-F1BD-4546-A4B6-05FEEEE33831}.Release|ARM.Build.0 = Release|Any CPU
		{9FA10715-F1BD-4546-A4B6-05FEEEE33831}.Release|ARM.Deploy.0 = Release|Any CPU
		{9FA10715-F1BD-4546-A4B6-05FEEEE33831}.Release|iPhone.ActiveCfg = Release|Any CPU
		{9FA10715-F1BD-4546-A4B6-05FEEEE33831}.Release|iPhone.Build.0 = Release|Any CPU
		{9FA10715-F1BD-4546-A4B6-05FEEEE33831}.Release|iPhone.Deploy.0 = Release|Any CPU
		{9FA10715-F1BD-4546-A4B6-05FEEEE33831}.Release|iPhoneSimulator.ActiveCfg = Release|Any CPU
		{9FA10715-F1BD-4546-A4B6-05FEEEE33831}.Release|iPhoneSimulator.Build.0 = Release|Any CPU
		{9FA10715-F1BD-4546-A4B6-05FEEEE33831}.Release|iPhoneSimulator.Deploy.0 = Release|Any CPU
		{9FA10715-F1BD-4546-A4B6-05FEEEE33831}.Release|x64.ActiveCfg = Release|Any CPU
		{9FA10715-F1BD-4546-A4B6-05FEEEE33831}.Release|x64.Build.0 = Release|Any CPU
		{9FA10715-F1BD-4546-A4B6-05FEEEE33831}.Release|x64.Deploy.0 = Release|Any CPU
		{9FA10715-F1BD-4546-A4B6-05FEEEE33831}.Release|x86.ActiveCfg = Release|Any CPU
		{9FA10715-F1BD-4546-A4B6-05FEEEE33831}.Release|x86.Build.0 = Release|Any CPU
		{9FA10715-F1BD-4546-A4B6-05FEEEE33831}.Release|x86.Deploy.0 = Release|Any CPU
		{8D270E4F-49C3-4E13-8039-B4F974D7358A}.Debug|Any CPU.ActiveCfg = Debug|Any CPU
		{8D270E4F-49C3-4E13-8039-B4F974D7358A}.Debug|Any CPU.Build.0 = Debug|Any CPU
		{8D270E4F-49C3-4E13-8039-B4F974D7358A}.Debug|ARM.ActiveCfg = Debug|Any CPU
		{8D270E4F-49C3-4E13-8039-B4F974D7358A}.Debug|ARM.Build.0 = Debug|Any CPU
		{8D270E4F-49C3-4E13-8039-B4F974D7358A}.Debug|iPhone.ActiveCfg = Debug|Any CPU
		{8D270E4F-49C3-4E13-8039-B4F974D7358A}.Debug|iPhone.Build.0 = Debug|Any CPU
		{8D270E4F-49C3-4E13-8039-B4F974D7358A}.Debug|iPhoneSimulator.ActiveCfg = Debug|Any CPU
		{8D270E4F-49C3-4E13-8039-B4F974D7358A}.Debug|iPhoneSimulator.Build.0 = Debug|Any CPU
		{8D270E4F-49C3-4E13-8039-B4F974D7358A}.Debug|x64.ActiveCfg = Debug|Any CPU
		{8D270E4F-49C3-4E13-8039-B4F974D7358A}.Debug|x64.Build.0 = Debug|Any CPU
		{8D270E4F-49C3-4E13-8039-B4F974D7358A}.Debug|x86.ActiveCfg = Debug|Any CPU
		{8D270E4F-49C3-4E13-8039-B4F974D7358A}.Debug|x86.Build.0 = Debug|Any CPU
		{8D270E4F-49C3-4E13-8039-B4F974D7358A}.Release|Any CPU.ActiveCfg = Release|Any CPU
		{8D270E4F-49C3-4E13-8039-B4F974D7358A}.Release|Any CPU.Build.0 = Release|Any CPU
		{8D270E4F-49C3-4E13-8039-B4F974D7358A}.Release|ARM.ActiveCfg = Release|Any CPU
		{8D270E4F-49C3-4E13-8039-B4F974D7358A}.Release|ARM.Build.0 = Release|Any CPU
		{8D270E4F-49C3-4E13-8039-B4F974D7358A}.Release|iPhone.ActiveCfg = Release|Any CPU
		{8D270E4F-49C3-4E13-8039-B4F974D7358A}.Release|iPhone.Build.0 = Release|Any CPU
		{8D270E4F-49C3-4E13-8039-B4F974D7358A}.Release|iPhoneSimulator.ActiveCfg = Release|Any CPU
		{8D270E4F-49C3-4E13-8039-B4F974D7358A}.Release|iPhoneSimulator.Build.0 = Release|Any CPU
		{8D270E4F-49C3-4E13-8039-B4F974D7358A}.Release|x64.ActiveCfg = Release|Any CPU
		{8D270E4F-49C3-4E13-8039-B4F974D7358A}.Release|x64.Build.0 = Release|Any CPU
		{8D270E4F-49C3-4E13-8039-B4F974D7358A}.Release|x86.ActiveCfg = Release|Any CPU
		{8D270E4F-49C3-4E13-8039-B4F974D7358A}.Release|x86.Build.0 = Release|Any CPU
		{1B081F98-E87C-401C-A8D2-3040979A57D2}.Debug|Any CPU.ActiveCfg = Debug|Any CPU
		{1B081F98-E87C-401C-A8D2-3040979A57D2}.Debug|Any CPU.Build.0 = Debug|Any CPU
		{1B081F98-E87C-401C-A8D2-3040979A57D2}.Debug|ARM.ActiveCfg = Debug|Any CPU
		{1B081F98-E87C-401C-A8D2-3040979A57D2}.Debug|ARM.Build.0 = Debug|Any CPU
		{1B081F98-E87C-401C-A8D2-3040979A57D2}.Debug|iPhone.ActiveCfg = Debug|Any CPU
		{1B081F98-E87C-401C-A8D2-3040979A57D2}.Debug|iPhone.Build.0 = Debug|Any CPU
		{1B081F98-E87C-401C-A8D2-3040979A57D2}.Debug|iPhoneSimulator.ActiveCfg = Debug|Any CPU
		{1B081F98-E87C-401C-A8D2-3040979A57D2}.Debug|iPhoneSimulator.Build.0 = Debug|Any CPU
		{1B081F98-E87C-401C-A8D2-3040979A57D2}.Debug|x64.ActiveCfg = Debug|Any CPU
		{1B081F98-E87C-401C-A8D2-3040979A57D2}.Debug|x64.Build.0 = Debug|Any CPU
		{1B081F98-E87C-401C-A8D2-3040979A57D2}.Debug|x86.ActiveCfg = Debug|Any CPU
		{1B081F98-E87C-401C-A8D2-3040979A57D2}.Debug|x86.Build.0 = Debug|Any CPU
		{1B081F98-E87C-401C-A8D2-3040979A57D2}.Release|Any CPU.ActiveCfg = Release|Any CPU
		{1B081F98-E87C-401C-A8D2-3040979A57D2}.Release|Any CPU.Build.0 = Release|Any CPU
		{1B081F98-E87C-401C-A8D2-3040979A57D2}.Release|ARM.ActiveCfg = Release|Any CPU
		{1B081F98-E87C-401C-A8D2-3040979A57D2}.Release|ARM.Build.0 = Release|Any CPU
		{1B081F98-E87C-401C-A8D2-3040979A57D2}.Release|iPhone.ActiveCfg = Release|Any CPU
		{1B081F98-E87C-401C-A8D2-3040979A57D2}.Release|iPhone.Build.0 = Release|Any CPU
		{1B081F98-E87C-401C-A8D2-3040979A57D2}.Release|iPhoneSimulator.ActiveCfg = Release|Any CPU
		{1B081F98-E87C-401C-A8D2-3040979A57D2}.Release|iPhoneSimulator.Build.0 = Release|Any CPU
		{1B081F98-E87C-401C-A8D2-3040979A57D2}.Release|x64.ActiveCfg = Release|Any CPU
		{1B081F98-E87C-401C-A8D2-3040979A57D2}.Release|x64.Build.0 = Release|Any CPU
		{1B081F98-E87C-401C-A8D2-3040979A57D2}.Release|x86.ActiveCfg = Release|Any CPU
		{1B081F98-E87C-401C-A8D2-3040979A57D2}.Release|x86.Build.0 = Release|Any CPU
	EndGlobalSection
	GlobalSection(SolutionProperties) = preSolution
		HideSolutionNode = FALSE
	EndGlobalSection
	GlobalSection(ExtensibilityGlobals) = postSolution
		SolutionGuid = {4782B3B7-C5FE-4E37-8514-1DDBF452EFCC}
	EndGlobalSection
EndGlobal
